// !$*UTF8*$!
{
	archiveVersion = 1;
	classes = {
	};
	objectVersion = 55;
	objects = {

/* Begin PBXBuildFile section */
		2355A2522816F99F002B8FA0 /* FirstPage.swift in Sources */ = {isa = PBXBuildFile; fileRef = 2355A2512816F99F002B8FA0 /* FirstPage.swift */; };
		2355A2582816FCF3002B8FA0 /* globvars.swift in Sources */ = {isa = PBXBuildFile; fileRef = 2355A2572816FCF3002B8FA0 /* globvars.swift */; };
		2355A25A2816FDBB002B8FA0 /* SecondPage.swift in Sources */ = {isa = PBXBuildFile; fileRef = 2355A2592816FDBB002B8FA0 /* SecondPage.swift */; };
		2355A25C2816FDCD002B8FA0 /* ThirdPage.swift in Sources */ = {isa = PBXBuildFile; fileRef = 2355A25B2816FDCC002B8FA0 /* ThirdPage.swift */; };
		2355A25E2816FDDC002B8FA0 /* FourthPage.swift in Sources */ = {isa = PBXBuildFile; fileRef = 2355A25D2816FDDC002B8FA0 /* FourthPage.swift */; };
		2371F76427F4E37B00D6EDCA /* ClassJSON.json in Resources */ = {isa = PBXBuildFile; fileRef = 2371F76327F4E37B00D6EDCA /* ClassJSON.json */; };
		23BD6769281998F500AB92ED /* FifthPage.swift in Sources */ = {isa = PBXBuildFile; fileRef = 23BD6768281998F500AB92ED /* FifthPage.swift */; };
		23BD676B2819991200AB92ED /* SixthPage.swift in Sources */ = {isa = PBXBuildFile; fileRef = 23BD676A2819991200AB92ED /* SixthPage.swift */; };
		23BD676D2819992300AB92ED /* SeventhPage.swift in Sources */ = {isa = PBXBuildFile; fileRef = 23BD676C2819992300AB92ED /* SeventhPage.swift */; };
		5E02761927F110D8009E96A4 /* ClassRankApp.swift in Sources */ = {isa = PBXBuildFile; fileRef = 5E02761827F110D8009E96A4 /* ClassRankApp.swift */; };
		5E02761D27F110DB009E96A4 /* Assets.xcassets in Resources */ = {isa = PBXBuildFile; fileRef = 5E02761C27F110DB009E96A4 /* Assets.xcassets */; };
		5E02762027F110DB009E96A4 /* Preview Assets.xcassets in Resources */ = {isa = PBXBuildFile; fileRef = 5E02761F27F110DB009E96A4 /* Preview Assets.xcassets */; };
		5E02762D27F24744009E96A4 /* GuestView.swift in Sources */ = {isa = PBXBuildFile; fileRef = 5E02762C27F24744009E96A4 /* GuestView.swift */; };
		5E02763127F3E081009E96A4 /* ClassData.swift in Sources */ = {isa = PBXBuildFile; fileRef = 5E02763027F3E081009E96A4 /* ClassData.swift */; };
		5E099EAF2800D43D00590998 /* CloudKit.framework in Frameworks */ = {isa = PBXBuildFile; fileRef = 5E099EAE2800D43D00590998 /* CloudKit.framework */; };
		5E150A9B27F5599F00B7943D /* ClassListView.swift in Sources */ = {isa = PBXBuildFile; fileRef = 5E150A9A27F5599F00B7943D /* ClassListView.swift */; };
		5E150A9F27F55EF300B7943D /* GlobalVar.swift in Sources */ = {isa = PBXBuildFile; fileRef = 5E150A9E27F55EF300B7943D /* GlobalVar.swift */; };
		5E150AA127F63C4100B7943D /* IndividualClassView.swift in Sources */ = {isa = PBXBuildFile; fileRef = 5E150AA027F63C4100B7943D /* IndividualClassView.swift */; };
		5EA6CB4A28011F5C00AF6D80 /* OtherGuestView.swift in Sources */ = {isa = PBXBuildFile; fileRef = 5EA6CB4928011F5C00AF6D80 /* OtherGuestView.swift */; };
		5EB123CD2809C73100A0F094 /* Toggle.swift in Sources */ = {isa = PBXBuildFile; fileRef = 5EB123CC2809C73100A0F094 /* Toggle.swift */; };
		C87843092804EF6E00873D3B /* CloudData.swift in Sources */ = {isa = PBXBuildFile; fileRef = C87843082804EF6E00873D3B /* CloudData.swift */; };
		C8F7D4F42804EFDC006E38FF /* ContentView.swift in Sources */ = {isa = PBXBuildFile; fileRef = C8F7D4F32804EFDC006E38FF /* ContentView.swift */; };
		C8F7D4F62804F001006E38FF /* LoginView.swift in Sources */ = {isa = PBXBuildFile; fileRef = C8F7D4F52804F001006E38FF /* LoginView.swift */; };
		C8F7D4F82804F007006E38FF /* MainAppView.swift in Sources */ = {isa = PBXBuildFile; fileRef = C8F7D4F72804F007006E38FF /* MainAppView.swift */; };
		C8F7D4FA2804F00D006E38FF /* ModeSwitchView.swift in Sources */ = {isa = PBXBuildFile; fileRef = C8F7D4F92804F00D006E38FF /* ModeSwitchView.swift */; };
/* End PBXBuildFile section */

/* Begin PBXFileReference section */
		2355A2512816F99F002B8FA0 /* FirstPage.swift */ = {isa = PBXFileReference; lastKnownFileType = sourcecode.swift; path = FirstPage.swift; sourceTree = "<group>"; };
		2355A2572816FCF3002B8FA0 /* globvars.swift */ = {isa = PBXFileReference; lastKnownFileType = sourcecode.swift; path = globvars.swift; sourceTree = "<group>"; };
		2355A2592816FDBB002B8FA0 /* SecondPage.swift */ = {isa = PBXFileReference; lastKnownFileType = sourcecode.swift; path = SecondPage.swift; sourceTree = "<group>"; };
		2355A25B2816FDCC002B8FA0 /* ThirdPage.swift */ = {isa = PBXFileReference; lastKnownFileType = sourcecode.swift; path = ThirdPage.swift; sourceTree = "<group>"; };
		2355A25D2816FDDC002B8FA0 /* FourthPage.swift */ = {isa = PBXFileReference; lastKnownFileType = sourcecode.swift; path = FourthPage.swift; sourceTree = "<group>"; };
		2371F76327F4E37B00D6EDCA /* ClassJSON.json */ = {isa = PBXFileReference; lastKnownFileType = text.json; path = ClassJSON.json; sourceTree = "<group>"; };
		23BD6768281998F500AB92ED /* FifthPage.swift */ = {isa = PBXFileReference; lastKnownFileType = sourcecode.swift; path = FifthPage.swift; sourceTree = "<group>"; };
		23BD676A2819991200AB92ED /* SixthPage.swift */ = {isa = PBXFileReference; lastKnownFileType = sourcecode.swift; path = SixthPage.swift; sourceTree = "<group>"; };
		23BD676C2819992300AB92ED /* SeventhPage.swift */ = {isa = PBXFileReference; lastKnownFileType = sourcecode.swift; path = SeventhPage.swift; sourceTree = "<group>"; };
		5E02761527F110D8009E96A4 /* ClassRate.app */ = {isa = PBXFileReference; explicitFileType = wrapper.application; includeInIndex = 0; path = ClassRate.app; sourceTree = BUILT_PRODUCTS_DIR; };
		5E02761827F110D8009E96A4 /* ClassRankApp.swift */ = {isa = PBXFileReference; lastKnownFileType = sourcecode.swift; path = ClassRankApp.swift; sourceTree = "<group>"; };
		5E02761C27F110DB009E96A4 /* Assets.xcassets */ = {isa = PBXFileReference; lastKnownFileType = folder.assetcatalog; path = Assets.xcassets; sourceTree = "<group>"; };
		5E02761F27F110DB009E96A4 /* Preview Assets.xcassets */ = {isa = PBXFileReference; lastKnownFileType = folder.assetcatalog; path = "Preview Assets.xcassets"; sourceTree = "<group>"; };
		5E02762C27F24744009E96A4 /* GuestView.swift */ = {isa = PBXFileReference; lastKnownFileType = sourcecode.swift; path = GuestView.swift; sourceTree = "<group>"; };
		5E02763027F3E081009E96A4 /* ClassData.swift */ = {isa = PBXFileReference; lastKnownFileType = sourcecode.swift; path = ClassData.swift; sourceTree = "<group>"; };
		5E099EAC2800D43600590998 /* ClassRank.entitlements */ = {isa = PBXFileReference; lastKnownFileType = text.plist.entitlements; path = ClassRank.entitlements; sourceTree = "<group>"; };
		5E099EAE2800D43D00590998 /* CloudKit.framework */ = {isa = PBXFileReference; lastKnownFileType = wrapper.framework; name = CloudKit.framework; path = System/Library/Frameworks/CloudKit.framework; sourceTree = SDKROOT; };
		5E099EB02800D66000590998 /* Info.plist */ = {isa = PBXFileReference; lastKnownFileType = text.plist; path = Info.plist; sourceTree = "<group>"; };
		5E150A9A27F5599F00B7943D /* ClassListView.swift */ = {isa = PBXFileReference; lastKnownFileType = sourcecode.swift; path = ClassListView.swift; sourceTree = "<group>"; };
		5E150A9E27F55EF300B7943D /* GlobalVar.swift */ = {isa = PBXFileReference; lastKnownFileType = sourcecode.swift; path = GlobalVar.swift; sourceTree = "<group>"; };
		5E150AA027F63C4100B7943D /* IndividualClassView.swift */ = {isa = PBXFileReference; lastKnownFileType = sourcecode.swift; path = IndividualClassView.swift; sourceTree = "<group>"; };
		5EA556A3282037DB00C9EF61 /* Configuration.storekit */ = {isa = PBXFileReference; lastKnownFileType = text; path = Configuration.storekit; sourceTree = "<group>"; };
		5EA6CB4928011F5C00AF6D80 /* OtherGuestView.swift */ = {isa = PBXFileReference; lastKnownFileType = sourcecode.swift; path = OtherGuestView.swift; sourceTree = "<group>"; };
		5EB123CC2809C73100A0F094 /* Toggle.swift */ = {isa = PBXFileReference; lastKnownFileType = sourcecode.swift; path = Toggle.swift; sourceTree = "<group>"; };
		C87843082804EF6E00873D3B /* CloudData.swift */ = {isa = PBXFileReference; lastKnownFileType = sourcecode.swift; path = CloudData.swift; sourceTree = "<group>"; };
		C8F7D4F32804EFDC006E38FF /* ContentView.swift */ = {isa = PBXFileReference; fileEncoding = 4; lastKnownFileType = sourcecode.swift; name = ContentView.swift; path = Views/ContentView.swift; sourceTree = "<group>"; };
		C8F7D4F52804F001006E38FF /* LoginView.swift */ = {isa = PBXFileReference; fileEncoding = 4; lastKnownFileType = sourcecode.swift; name = LoginView.swift; path = Views/LoginView.swift; sourceTree = "<group>"; };
		C8F7D4F72804F007006E38FF /* MainAppView.swift */ = {isa = PBXFileReference; fileEncoding = 4; lastKnownFileType = sourcecode.swift; name = MainAppView.swift; path = Views/MainAppView.swift; sourceTree = "<group>"; };
		C8F7D4F92804F00D006E38FF /* ModeSwitchView.swift */ = {isa = PBXFileReference; fileEncoding = 4; lastKnownFileType = sourcecode.swift; name = ModeSwitchView.swift; path = Views/ModeSwitchView.swift; sourceTree = "<group>"; };
/* End PBXFileReference section */

/* Begin PBXFrameworksBuildPhase section */
		5E02761227F110D8009E96A4 /* Frameworks */ = {
			isa = PBXFrameworksBuildPhase;
			buildActionMask = 2147483647;
			files = (
				5E099EAF2800D43D00590998 /* CloudKit.framework in Frameworks */,
			);
			runOnlyForDeploymentPostprocessing = 0;
		};
/* End PBXFrameworksBuildPhase section */

/* Begin PBXGroup section */
		2355A2502816F964002B8FA0 /* Tutorial */ = {
			isa = PBXGroup;
			children = (
				2355A2512816F99F002B8FA0 /* FirstPage.swift */,
				2355A2592816FDBB002B8FA0 /* SecondPage.swift */,
				2355A25B2816FDCC002B8FA0 /* ThirdPage.swift */,
				2355A25D2816FDDC002B8FA0 /* FourthPage.swift */,
				23BD6768281998F500AB92ED /* FifthPage.swift */,
				23BD676A2819991200AB92ED /* SixthPage.swift */,
				23BD676C2819992300AB92ED /* SeventhPage.swift */,
				2355A2572816FCF3002B8FA0 /* globvars.swift */,
			);
			path = Tutorial;
			sourceTree = "<group>";
		};
		5E02760C27F110D8009E96A4 = {
			isa = PBXGroup;
			children = (
				5E02761727F110D8009E96A4 /* ClassRank */,
				5E02761627F110D8009E96A4 /* Products */,
				5E099EAD2800D43D00590998 /* Frameworks */,
			);
			sourceTree = "<group>";
		};
		5E02761627F110D8009E96A4 /* Products */ = {
			isa = PBXGroup;
			children = (
				5E02761527F110D8009E96A4 /* ClassRate.app */,
			);
			name = Products;
			sourceTree = "<group>";
		};
		5E02761727F110D8009E96A4 /* ClassRank */ = {
			isa = PBXGroup;
			children = (
				5E099EB02800D66000590998 /* Info.plist */,
				5E099EAC2800D43600590998 /* ClassRank.entitlements */,
				5E02761827F110D8009E96A4 /* ClassRankApp.swift */,
				C8F7D4F32804EFDC006E38FF /* ContentView.swift */,
				C8F7D4F52804F001006E38FF /* LoginView.swift */,
				C8F7D4F92804F00D006E38FF /* ModeSwitchView.swift */,
				5EA556A3282037DB00C9EF61 /* Configuration.storekit */,
				2355A2502816F964002B8FA0 /* Tutorial */,
				C8F7D4F72804F007006E38FF /* MainAppView.swift */,
				5E02763027F3E081009E96A4 /* ClassData.swift */,
				5EA6CB4D28012FA500AF6D80 /* Departments */,
				5E150A9A27F5599F00B7943D /* ClassListView.swift */,
				5EB123CC2809C73100A0F094 /* Toggle.swift */,
				5E150AA027F63C4100B7943D /* IndividualClassView.swift */,
				5E150A9E27F55EF300B7943D /* GlobalVar.swift */,
				C87843082804EF6E00873D3B /* CloudData.swift */,
				2371F76327F4E37B00D6EDCA /* ClassJSON.json */,
				5E02761C27F110DB009E96A4 /* Assets.xcassets */,
				5E02761E27F110DB009E96A4 /* Preview Content */,
			);
			path = ClassRank;
			sourceTree = "<group>";
		};
		5E02761E27F110DB009E96A4 /* Preview Content */ = {
			isa = PBXGroup;
			children = (
				5E02761F27F110DB009E96A4 /* Preview Assets.xcassets */,
			);
			path = "Preview Content";
			sourceTree = "<group>";
		};
		5E099EAD2800D43D00590998 /* Frameworks */ = {
			isa = PBXGroup;
			children = (
				5E099EAE2800D43D00590998 /* CloudKit.framework */,
			);
			name = Frameworks;
			sourceTree = "<group>";
		};
		5EA6CB4D28012FA500AF6D80 /* Departments */ = {
			isa = PBXGroup;
			children = (
				5E02762C27F24744009E96A4 /* GuestView.swift */,
				5EA6CB4928011F5C00AF6D80 /* OtherGuestView.swift */,
			);
			path = Departments;
			sourceTree = "<group>";
		};
/* End PBXGroup section */

/* Begin PBXNativeTarget section */
		5E02761427F110D8009E96A4 /* ClassRank */ = {
			isa = PBXNativeTarget;
			buildConfigurationList = 5E02762327F110DB009E96A4 /* Build configuration list for PBXNativeTarget "ClassRank" */;
			buildPhases = (
				5E02761127F110D8009E96A4 /* Sources */,
				5E02761227F110D8009E96A4 /* Frameworks */,
				5E02761327F110D8009E96A4 /* Resources */,
			);
			buildRules = (
			);
			dependencies = (
			);
			name = ClassRank;
			productName = ClassRank;
			productReference = 5E02761527F110D8009E96A4 /* ClassRate.app */;
			productType = "com.apple.product-type.application";
		};
/* End PBXNativeTarget section */

/* Begin PBXProject section */
		5E02760D27F110D8009E96A4 /* Project object */ = {
			isa = PBXProject;
			attributes = {
				BuildIndependentTargetsInParallel = 1;
				LastSwiftUpdateCheck = 1320;
				LastUpgradeCheck = 1320;
				TargetAttributes = {
					5E02761427F110D8009E96A4 = {
						CreatedOnToolsVersion = 13.2.1;
					};
				};
			};
			buildConfigurationList = 5E02761027F110D8009E96A4 /* Build configuration list for PBXProject "ClassRank" */;
			compatibilityVersion = "Xcode 13.0";
			developmentRegion = en;
			hasScannedForEncodings = 0;
			knownRegions = (
				en,
				Base,
			);
			mainGroup = 5E02760C27F110D8009E96A4;
			productRefGroup = 5E02761627F110D8009E96A4 /* Products */;
			projectDirPath = "";
			projectRoot = "";
			targets = (
				5E02761427F110D8009E96A4 /* ClassRank */,
			);
		};
/* End PBXProject section */

/* Begin PBXResourcesBuildPhase section */
		5E02761327F110D8009E96A4 /* Resources */ = {
			isa = PBXResourcesBuildPhase;
			buildActionMask = 2147483647;
			files = (
				2371F76427F4E37B00D6EDCA /* ClassJSON.json in Resources */,
				5E02762027F110DB009E96A4 /* Preview Assets.xcassets in Resources */,
				5E02761D27F110DB009E96A4 /* Assets.xcassets in Resources */,
			);
			runOnlyForDeploymentPostprocessing = 0;
		};
/* End PBXResourcesBuildPhase section */

/* Begin PBXSourcesBuildPhase section */
		5E02761127F110D8009E96A4 /* Sources */ = {
			isa = PBXSourcesBuildPhase;
			buildActionMask = 2147483647;
			files = (
				5E02762D27F24744009E96A4 /* GuestView.swift in Sources */,
				C8F7D4FA2804F00D006E38FF /* ModeSwitchView.swift in Sources */,
				C8F7D4F82804F007006E38FF /* MainAppView.swift in Sources */,
				23BD6769281998F500AB92ED /* FifthPage.swift in Sources */,
				2355A2522816F99F002B8FA0 /* FirstPage.swift in Sources */,
				2355A25A2816FDBB002B8FA0 /* SecondPage.swift in Sources */,
				C8F7D4F42804EFDC006E38FF /* ContentView.swift in Sources */,
				C87843092804EF6E00873D3B /* CloudData.swift in Sources */,
				2355A25C2816FDCD002B8FA0 /* ThirdPage.swift in Sources */,
				5E150A9B27F5599F00B7943D /* ClassListView.swift in Sources */,
				5EB123CD2809C73100A0F094 /* Toggle.swift in Sources */,
				2355A2582816FCF3002B8FA0 /* globvars.swift in Sources */,
				C8F7D4F62804F001006E38FF /* LoginView.swift in Sources */,
				5E150A9F27F55EF300B7943D /* GlobalVar.swift in Sources */,
				5E02761927F110D8009E96A4 /* ClassRankApp.swift in Sources */,
				23BD676B2819991200AB92ED /* SixthPage.swift in Sources */,
				2355A25E2816FDDC002B8FA0 /* FourthPage.swift in Sources */,
				23BD676D2819992300AB92ED /* SeventhPage.swift in Sources */,
				5EA6CB4A28011F5C00AF6D80 /* OtherGuestView.swift in Sources */,
				5E150AA127F63C4100B7943D /* IndividualClassView.swift in Sources */,
				5E02763127F3E081009E96A4 /* ClassData.swift in Sources */,
			);
			runOnlyForDeploymentPostprocessing = 0;
		};
/* End PBXSourcesBuildPhase section */

/* Begin XCBuildConfiguration section */
		5E02762127F110DB009E96A4 /* Debug */ = {
			isa = XCBuildConfiguration;
			buildSettings = {
				ALWAYS_SEARCH_USER_PATHS = NO;
				CLANG_ANALYZER_NONNULL = YES;
				CLANG_ANALYZER_NUMBER_OBJECT_CONVERSION = YES_AGGRESSIVE;
				CLANG_CXX_LANGUAGE_STANDARD = "gnu++17";
				CLANG_CXX_LIBRARY = "libc++";
				CLANG_ENABLE_MODULES = YES;
				CLANG_ENABLE_OBJC_ARC = YES;
				CLANG_ENABLE_OBJC_WEAK = YES;
				CLANG_WARN_BLOCK_CAPTURE_AUTORELEASING = YES;
				CLANG_WARN_BOOL_CONVERSION = YES;
				CLANG_WARN_COMMA = YES;
				CLANG_WARN_CONSTANT_CONVERSION = YES;
				CLANG_WARN_DEPRECATED_OBJC_IMPLEMENTATIONS = YES;
				CLANG_WARN_DIRECT_OBJC_ISA_USAGE = YES_ERROR;
				CLANG_WARN_DOCUMENTATION_COMMENTS = YES;
				CLANG_WARN_EMPTY_BODY = YES;
				CLANG_WARN_ENUM_CONVERSION = YES;
				CLANG_WARN_INFINITE_RECURSION = YES;
				CLANG_WARN_INT_CONVERSION = YES;
				CLANG_WARN_NON_LITERAL_NULL_CONVERSION = YES;
				CLANG_WARN_OBJC_IMPLICIT_RETAIN_SELF = YES;
				CLANG_WARN_OBJC_LITERAL_CONVERSION = YES;
				CLANG_WARN_OBJC_ROOT_CLASS = YES_ERROR;
				CLANG_WARN_QUOTED_INCLUDE_IN_FRAMEWORK_HEADER = YES;
				CLANG_WARN_RANGE_LOOP_ANALYSIS = YES;
				CLANG_WARN_STRICT_PROTOTYPES = YES;
				CLANG_WARN_SUSPICIOUS_MOVE = YES;
				CLANG_WARN_UNGUARDED_AVAILABILITY = YES_AGGRESSIVE;
				CLANG_WARN_UNREACHABLE_CODE = YES;
				CLANG_WARN__DUPLICATE_METHOD_MATCH = YES;
				COPY_PHASE_STRIP = NO;
				DEBUG_INFORMATION_FORMAT = dwarf;
				ENABLE_STRICT_OBJC_MSGSEND = YES;
				ENABLE_TESTABILITY = YES;
				GCC_C_LANGUAGE_STANDARD = gnu11;
				GCC_DYNAMIC_NO_PIC = NO;
				GCC_NO_COMMON_BLOCKS = YES;
				GCC_OPTIMIZATION_LEVEL = 0;
				GCC_PREPROCESSOR_DEFINITIONS = (
					"DEBUG=1",
					"$(inherited)",
				);
				GCC_WARN_64_TO_32_BIT_CONVERSION = YES;
				GCC_WARN_ABOUT_RETURN_TYPE = YES_ERROR;
				GCC_WARN_UNDECLARED_SELECTOR = YES;
				GCC_WARN_UNINITIALIZED_AUTOS = YES_AGGRESSIVE;
				GCC_WARN_UNUSED_FUNCTION = YES;
				GCC_WARN_UNUSED_VARIABLE = YES;
				IPHONEOS_DEPLOYMENT_TARGET = 15.2;
				MTL_ENABLE_DEBUG_INFO = INCLUDE_SOURCE;
				MTL_FAST_MATH = YES;
				ONLY_ACTIVE_ARCH = YES;
				SDKROOT = iphoneos;
				SWIFT_ACTIVE_COMPILATION_CONDITIONS = DEBUG;
				SWIFT_OPTIMIZATION_LEVEL = "-Onone";
			};
			name = Debug;
		};
		5E02762227F110DB009E96A4 /* Release */ = {
			isa = XCBuildConfiguration;
			buildSettings = {
				ALWAYS_SEARCH_USER_PATHS = NO;
				CLANG_ANALYZER_NONNULL = YES;
				CLANG_ANALYZER_NUMBER_OBJECT_CONVERSION = YES_AGGRESSIVE;
				CLANG_CXX_LANGUAGE_STANDARD = "gnu++17";
				CLANG_CXX_LIBRARY = "libc++";
				CLANG_ENABLE_MODULES = YES;
				CLANG_ENABLE_OBJC_ARC = YES;
				CLANG_ENABLE_OBJC_WEAK = YES;
				CLANG_WARN_BLOCK_CAPTURE_AUTORELEASING = YES;
				CLANG_WARN_BOOL_CONVERSION = YES;
				CLANG_WARN_COMMA = YES;
				CLANG_WARN_CONSTANT_CONVERSION = YES;
				CLANG_WARN_DEPRECATED_OBJC_IMPLEMENTATIONS = YES;
				CLANG_WARN_DIRECT_OBJC_ISA_USAGE = YES_ERROR;
				CLANG_WARN_DOCUMENTATION_COMMENTS = YES;
				CLANG_WARN_EMPTY_BODY = YES;
				CLANG_WARN_ENUM_CONVERSION = YES;
				CLANG_WARN_INFINITE_RECURSION = YES;
				CLANG_WARN_INT_CONVERSION = YES;
				CLANG_WARN_NON_LITERAL_NULL_CONVERSION = YES;
				CLANG_WARN_OBJC_IMPLICIT_RETAIN_SELF = YES;
				CLANG_WARN_OBJC_LITERAL_CONVERSION = YES;
				CLANG_WARN_OBJC_ROOT_CLASS = YES_ERROR;
				CLANG_WARN_QUOTED_INCLUDE_IN_FRAMEWORK_HEADER = YES;
				CLANG_WARN_RANGE_LOOP_ANALYSIS = YES;
				CLANG_WARN_STRICT_PROTOTYPES = YES;
				CLANG_WARN_SUSPICIOUS_MOVE = YES;
				CLANG_WARN_UNGUARDED_AVAILABILITY = YES_AGGRESSIVE;
				CLANG_WARN_UNREACHABLE_CODE = YES;
				CLANG_WARN__DUPLICATE_METHOD_MATCH = YES;
				COPY_PHASE_STRIP = NO;
				DEBUG_INFORMATION_FORMAT = "dwarf-with-dsym";
				ENABLE_NS_ASSERTIONS = NO;
				ENABLE_STRICT_OBJC_MSGSEND = YES;
				GCC_C_LANGUAGE_STANDARD = gnu11;
				GCC_NO_COMMON_BLOCKS = YES;
				GCC_WARN_64_TO_32_BIT_CONVERSION = YES;
				GCC_WARN_ABOUT_RETURN_TYPE = YES_ERROR;
				GCC_WARN_UNDECLARED_SELECTOR = YES;
				GCC_WARN_UNINITIALIZED_AUTOS = YES_AGGRESSIVE;
				GCC_WARN_UNUSED_FUNCTION = YES;
				GCC_WARN_UNUSED_VARIABLE = YES;
				IPHONEOS_DEPLOYMENT_TARGET = 15.2;
				MTL_ENABLE_DEBUG_INFO = NO;
				MTL_FAST_MATH = YES;
				SDKROOT = iphoneos;
				SWIFT_COMPILATION_MODE = wholemodule;
				SWIFT_OPTIMIZATION_LEVEL = "-O";
				VALIDATE_PRODUCT = YES;
			};
			name = Release;
		};
		5E02762427F110DB009E96A4 /* Debug */ = {
			isa = XCBuildConfiguration;
			buildSettings = {
				ASSETCATALOG_COMPILER_APPICON_NAME = AppIcon;
				ASSETCATALOG_COMPILER_GLOBAL_ACCENT_COLOR_NAME = AccentColor;
				CODE_SIGN_ENTITLEMENTS = ClassRank/ClassRank.entitlements;
				CODE_SIGN_STYLE = Automatic;
				CURRENT_PROJECT_VERSION = 1;
				DEVELOPMENT_ASSET_PATHS = "\"ClassRank/Preview Content\"";
				DEVELOPMENT_TEAM = 883DK65VTV;
				ENABLE_PREVIEWS = YES;
				GENERATE_INFOPLIST_FILE = YES;
				INFOPLIST_FILE = ClassRank/Info.plist;
				INFOPLIST_KEY_UIApplicationSceneManifest_Generation = YES;
				INFOPLIST_KEY_UIApplicationSupportsIndirectInputEvents = YES;
				INFOPLIST_KEY_UILaunchScreen_Generation = YES;
				INFOPLIST_KEY_UISupportedInterfaceOrientations = UIInterfaceOrientationPortrait;
				INFOPLIST_KEY_UISupportedInterfaceOrientations_iPad = "UIInterfaceOrientationPortrait UIInterfaceOrientationPortraitUpsideDown UIInterfaceOrientationLandscapeLeft UIInterfaceOrientationLandscapeRight";
				INFOPLIST_KEY_UISupportedInterfaceOrientations_iPhone = "UIInterfaceOrientationPortrait UIInterfaceOrientationLandscapeLeft UIInterfaceOrientationLandscapeRight";
				IPHONEOS_DEPLOYMENT_TARGET = 15.2;
				LD_RUNPATH_SEARCH_PATHS = (
					"$(inherited)",
					"@executable_path/Frameworks",
				);
				MARKETING_VERSION = 1.0;
				PRODUCT_BUNDLE_IDENTIFIER = ephs2022.classrater;
				PRODUCT_NAME = ClassRate;
				SWIFT_EMIT_LOC_STRINGS = YES;
				SWIFT_VERSION = 5.0;
				TARGETED_DEVICE_FAMILY = 1;
			};
			name = Debug;
		};
		5E02762527F110DB009E96A4 /* Release */ = {
			isa = XCBuildConfiguration;
			buildSettings = {
				ASSETCATALOG_COMPILER_APPICON_NAME = AppIcon;
				ASSETCATALOG_COMPILER_GLOBAL_ACCENT_COLOR_NAME = AccentColor;
				CODE_SIGN_ENTITLEMENTS = ClassRank/ClassRank.entitlements;
				CODE_SIGN_STYLE = Automatic;
				CURRENT_PROJECT_VERSION = 1;
				DEVELOPMENT_ASSET_PATHS = "\"ClassRank/Preview Content\"";
				DEVELOPMENT_TEAM = 883DK65VTV;
				ENABLE_PREVIEWS = YES;
				GENERATE_INFOPLIST_FILE = YES;
				INFOPLIST_FILE = ClassRank/Info.plist;
				INFOPLIST_KEY_UIApplicationSceneManifest_Generation = YES;
				INFOPLIST_KEY_UIApplicationSupportsIndirectInputEvents = YES;
				INFOPLIST_KEY_UILaunchScreen_Generation = YES;
				INFOPLIST_KEY_UISupportedInterfaceOrientations = UIInterfaceOrientationPortrait;
				INFOPLIST_KEY_UISupportedInterfaceOrientations_iPad = "UIInterfaceOrientationPortrait UIInterfaceOrientationPortraitUpsideDown UIInterfaceOrientationLandscapeLeft UIInterfaceOrientationLandscapeRight";
				INFOPLIST_KEY_UISupportedInterfaceOrientations_iPhone = "UIInterfaceOrientationPortrait UIInterfaceOrientationLandscapeLeft UIInterfaceOrientationLandscapeRight";
				IPHONEOS_DEPLOYMENT_TARGET = 15.2;
				LD_RUNPATH_SEARCH_PATHS = (
					"$(inherited)",
					"@executable_path/Frameworks",
				);
				MARKETING_VERSION = 1.0;
				PRODUCT_BUNDLE_IDENTIFIER = ephs2022.classrater;
				PRODUCT_NAME = ClassRate;
				SWIFT_EMIT_LOC_STRINGS = YES;
				SWIFT_VERSION = 5.0;
				TARGETED_DEVICE_FAMILY = 1;
			};
			name = Release;
		};
/* End XCBuildConfiguration section */

/* Begin XCConfigurationList section */
		5E02761027F110D8009E96A4 /* Build configuration list for PBXProject "ClassRank" */ = {
			isa = XCConfigurationList;
			buildConfigurations = (
				5E02762127F110DB009E96A4 /* Debug */,
				5E02762227F110DB009E96A4 /* Release */,
			);
			defaultConfigurationIsVisible = 0;
			defaultConfigurationName = Release;
		};
		5E02762327F110DB009E96A4 /* Build configuration list for PBXNativeTarget "ClassRank" */ = {
			isa = XCConfigurationList;
			buildConfigurations = (
				5E02762427F110DB009E96A4 /* Debug */,
				5E02762527F110DB009E96A4 /* Release */,
			);
			defaultConfigurationIsVisible = 0;
			defaultConfigurationName = Release;
		};
/* End XCConfigurationList section */
	};
	rootObject = 5E02760D27F110D8009E96A4 /* Project object */;
}
